{
  "lockfile_version": "1",
  "packages": {
    "just@latest": {
      "last_modified": "2026-04-06T08:39:25Z",
      "resolved": "github:NixOS/nixpkgs/83e29f2b8791f6dec20804382fcd9a666d744c07#just",
      "source": "devbox-search",
      "version": "1.49.0",
      "systems": {
        "aarch64-darwin": {
          "outputs": [
            {
              "name": "out",
              "path": "/nix/store/3ppl78czibxlxv105jf0rr64j577pr4m-just-1.49.0",
              "default": true
            },
            {
              "name": "man",
              "path": "/nix/store/ak601qc8jlqgry365b2qkxf6bwf9prk2-just-1.49.0-man",
              "default": true
            },
            {
              "name": "doc",
              "path": "/nix/store/85nkcgs1npazz9vv5py7fsmsd0pwi4fq-just-1.49.0-doc"
            }
          ],
          "store_path": "/nix/store/3ppl78czibxlxv105jf0rr64j577pr4m-just-1.49.0"
        },
        "aarch64-linux": {
          "outputs": [
            {
              "name": "out",
              "path": "/nix/store/g3pd2f4889gj7ww75cnwhdmwhpirlwn0-just-1.49.0",
              "default": true
            },
            {
              "name": "man",
              "path": "/nix/store/xki5ypl7rn4z3rv4phc8p67jr0i7qjx4-just-1.49.0-man",
              "default": true
            },
            {
              "name": "doc",
              "path": "/nix/store/8frnfmjxfx5j6s6nm07f1gql65rnp4ca-just-1.49.0-doc"
            }
          ],
          "store_path": "/nix/store/g3pd2f4889gj7ww75cnwhdmwhpirlwn0-just-1.49.0"
        },
        "x86_64-darwin": {
          "outputs": [
            {
              "name": "out",
              "path": "/nix/store/3rq5pfm34isbxlh7ip39ynj5czf2fypi-just-1.49.0",
              "default": true
            },
            {
              "name": "man",
              "path": "/nix/store/n84l71d8z4kbcd8aw4ms9hvg8xsx1vz8-just-1.49.0-man",
              "default": true
            },
            {
              "name": "doc",
              "path": "/nix/store/g5393z3mjgv4cp41wzr295cssh8bc2d0-just-1.49.0-doc"
            }
          ],
          "store_path": "/nix/store/3rq5pfm34isbxlh7ip39ynj5czf2fypi-just-1.49.0"
        },
        "x86_64-linux": {
          "outputs": [
            {
              "name": "out",
              "path": "/nix/store/y07l22fq8wvg4wdf6anb0s6cljmsfs73-just-1.49.0",
              "default": true
            },
            {
              "name": "man",
              "path": "/nix/store/hrhxhkyhafrp0rkpcfr2qhvyl2y6fc2i-just-1.49.0-man",
              "default": true
            },
            {
              "name": "doc",
              "path": "/nix/store/npllcp9kp3m79hff6mzlbzpyys0z3jd7-just-1.49.0-doc"
            }
          ],
          "store_path": "/nix/store/y07l22fq8wvg4wdf6anb0s6cljmsfs73-just-1.49.0"
        }
      }
    },
    "nodejs@latest": {
      "last_modified": "2026-04-16T08:46:55Z",
      "plugin_version": "0.0.2",
      "resolved": "github:NixOS/nixpkgs/b86751bc4085f48661017fa226dee99fab6c651b#nodejs_25",
      "source": "devbox-search",
      "version": "25.9.0",
      "systems": {
        "aarch64-darwin": {
          "outputs": [
            {
              "name": "out",
              "path": "/nix/store/3j4vz6gjyjwl6nb83bl96rqd05hvhlj0-nodejs-25.9.0",
              "default": true
            }
          ],
          "store_path": "/nix/store/3j4vz6gjyjwl6nb83bl96rqd05hvhlj0-nodejs-25.9.0"
        },
        "aarch64-linux": {
          "outputs": [
            {
              "name": "out",
              "path": "/nix/store/4cb8550300p6qvls0vglpscndhkacs0p-nodejs-25.9.0",
              "default": true
            }
          ],
          "store_path": "/nix/store/4cb8550300p6qvls0vglpscndhkacs0p-nodejs-25.9.0"
        },
        "x86_64-darwin": {
          "outputs": [
            {
              "name": "out",
              "path": "/nix/store/d50lan93rcqiyf64r7q8nqacisfwji4j-nodejs-25.9.0",
              "default": true
            }
          ],
          "store_path": "/nix/store/d50lan93rcqiyf64r7q8nqacisfwji4j-nodejs-25.9.0"
        },
        "x86_64-linux": {
          "outputs": [
            {
              "name": "out",
              "path": "/nix/store/dqxjqyvh6w8kh3azd4zr7k4dfw8b7lxp-nodejs-25.9.0",
              "default": true
            }
          ],
          "store_path": "/nix/store/dqxjqyvh6w8kh3azd4zr7k4dfw8b7lxp-nodejs-25.9.0"
        }
      }
    },
    "pnpm@latest": {
      "last_modified": "2026-04-16T08:46:55Z",
      "resolved": "github:NixOS/nixpkgs/b86751bc4085f48661017fa226dee99fab6c651b#pnpm",
      "source": "devbox-search",
      "version": "10.33.0",
      "systems": {
        "aarch64-darwin": {
          "outputs": [
            {
              "name": "out",
              "path": "/nix/store/ikniys3wki91s94zh7wpnf9rf8806msv-pnpm-10.33.0",
              "default": true
            }
          ],
          "store_path": "/nix/store/ikniys3wki91s94zh7wpnf9rf8806msv-pnpm-10.33.0"
        },
        "aarch64-linux": {
          "outputs": [
            {
              "name": "out",
              "path": "/nix/store/5gj7nis9afj3qib78y8vwp5vh5rdr5wn-pnpm-10.33.0",
              "default": true
            }
          ],
          "store_path": "/nix/store/5gj7nis9afj3qib78y8vwp5vh5rdr5wn-pnpm-10.33.0"
        },
        "x86_64-darwin": {
          "outputs": [
            {
              "name": "out",
              "path": "/nix/store/a8425q8kcj0r6x13c50z52y9f23b43kh-pnpm-10.33.0",
              "default": true
            }
          ],
          "store_path": "/nix/store/a8425q8kcj0r6x13c50z52y9f23b43kh-pnpm-10.33.0"
        },
        "x86_64-linux": {
          "outputs": [
            {
              "name": "out",
              "path": "/nix/store/qlbqwsia8a9rk3cp6v58y1x58c0j2wyk-pnpm-10.33.0",
              "default": true
            }
          ],
          "store_path": "/nix/store/qlbqwsia8a9rk3cp6v58y1x58c0j2wyk-pnpm-10.33.0"
        }
      }
    },
    "pre-commit@latest": {
      "last_modified": "2026-04-16T08:46:55Z",
      "resolved": "github:NixOS/nixpkgs/b86751bc4085f48661017fa226dee99fab6c651b#pre-commit",
      "source": "devbox-search",
      "version": "4.5.1",
      "systems": {
        "aarch64-darwin": {
          "outputs": [
            {
              "name": "out",
              "path": "/nix/store/yh35ybxhyxw222nrjhf5y2db6c7ghdcd-pre-commit-4.5.1",
              "default": true
            },
            {
              "name": "dist",
              "path": "/nix/store/a3m1myxxd2rwjj7ghp89hyis3cvidnmk-pre-commit-4.5.1-dist"
            }
          ],
          "store_path": "/nix/store/yh35ybxhyxw222nrjhf5y2db6c7ghdcd-pre-commit-4.5.1"
        },
        "aarch64-linux": {
          "outputs": [
            {
              "name": "out",
              "path": "/nix/store/mjy1zl6wsk6y13xff8ffljv2nv22h0qy-pre-commit-4.5.1",
              "default": true
            },
            {
              "name": "dist",
              "path": "/nix/store/p6gwkgkgp4qd6yn3468rq7zlbf9564kh-pre-commit-4.5.1-dist"
            }
          ],
          "store_path": "/nix/store/mjy1zl6wsk6y13xff8ffljv2nv22h0qy-pre-commit-4.5.1"
        },
        "x86_64-darwin": {
          "outputs": [
            {
              "name": "out",
              "path": "/nix/store/6r8xqcpbxwas8qkhpwphqypmmydwpv0m-pre-commit-4.5.1",
              "default": true
            },
            {
              "name": "dist",
              "path": "/nix/store/iab0nwxfri1q4vgb2ra447li6302mlq2-pre-commit-4.5.1-dist"
            }
          ],
          "store_path": "/nix/store/6r8xqcpbxwas8qkhpwphqypmmydwpv0m-pre-commit-4.5.1"
        },
        "x86_64-linux": {
          "outputs": [
            {
              "name": "out",
              "path": "/nix/store/0j1cw8kk39rin6qwbly7ikadaaizz44b-pre-commit-4.5.1",
              "default": true
            },
            {
              "name": "dist",
              "path": "/nix/store/gv6xr8sd4rhlb97hb78c4518iv1lp0rw-pre-commit-4.5.1-dist"
            }
          ],
          "store_path": "/nix/store/0j1cw8kk39rin6qwbly7ikadaaizz44b-pre-commit-4.5.1"
        }
      }
    }
  }
}
